Microsoft Visual Studio Solution File, Format Version 11.00
# Visual Studio 2008

Project("{9627E0AC-6159-2BB1-4664-A2967E541A67}") = "boirnul", "Assembly-CSharp.csproj", "{5CA0BF2D-FDE4-25FC-B605-5B1C789ECDEE}"
EndProject
Global
	GlobalSection(SolutionConfigurationPlatforms) = preSolution
		Debug|Any CPU = Debug|Any CPU
		Release|Any CPU = Release|Any CPU
	EndGlobalSection
	GlobalSection(ProjectConfigurationPlatforms) = postSolution
		{5CA0BF2D-FDE4-25FC-B605-5B1C789ECDEE}.Debug|Any CPU.ActiveCfg = Debug|Any CPU
		{5CA0BF2D-FDE4-25FC-B605-5B1C789ECDEE}.Debug|Any CPU.Build.0 = Debug|Any CPU
		{5CA0BF2D-FDE4-25FC-B605-5B1C789ECDEE}.Release|Any CPU.ActiveCfg = Release|Any CPU
		{5CA0BF2D-FDE4-25FC-B605-5B1C789ECDEE}.Release|Any CPU.Build.0 = Release|Any CPU
	EndGlobalSection
	GlobalSection(SolutionProperties) = preSolution
		HideSolutionNode = FALSE
	EndGlobalSection
	GlobalSection(MonoDevelopProperties) = preSolution
		StartupItem = Assembly-CSharp.csproj
	EndGlobalSection
EndGlobal
